
Microsoft Visual Studio Solution File, Format Version 12.00
# Visual Studio 15
Project("{FAE04EC0-301F-11D3-BF4B-00C04F79EFBC}") = "Temp name", "Assembly-CSharp.csproj", "{EDA264AB-1873-8C0A-800A-C2B8C688E9EC}"
EndProject
Project("{FAE04EC0-301F-11D3-BF4B-00C04F79EFBC}") = "Temp name", "Assembly-CSharp-firstpass.csproj", "{4A4CA941-7CEF-2634-EFC1-BFF17CBF7A27}"
EndProject
Project("{FAE04EC0-301F-11D3-BF4B-00C04F79EFBC}") = "Temp name", "Assembly-CSharp-Editor.csproj", "{803439B5-FC6A-4005-020D-A43CBDA03C11}"
EndProject
Global
	GlobalSection(SolutionConfigurationPlatforms) = preSolution
		Debug|Any CPU = Debug|Any CPU
		Release|Any CPU = Release|Any CPU
	EndGlobalSection
	GlobalSection(ProjectConfigurationPlatforms) = postSolution
		{EDA264AB-1873-8C0A-800A-C2B8C688E9EC}.Debug|Any CPU.ActiveCfg = Debug|Any CPU
		{EDA264AB-1873-8C0A-800A-C2B8C688E9EC}.Debug|Any CPU.Build.0 = Debug|Any CPU
		{EDA264AB-1873-8C0A-800A-C2B8C688E9EC}.Release|Any CPU.ActiveCfg = Release|Any CPU
		{EDA264AB-1873-8C0A-800A-C2B8C688E9EC}.Release|Any CPU.Build.0 = Release|Any CPU
		{4A4CA941-7CEF-2634-EFC1-BFF17CBF7A27}.Debug|Any CPU.ActiveCfg = Debug|Any CPU
		{4A4CA941-7CEF-2634-EFC1-BFF17CBF7A27}.Debug|Any CPU.Build.0 = Debug|Any CPU
		{4A4CA941-7CEF-2634-EFC1-BFF17CBF7A27}.Release|Any CPU.ActiveCfg = Release|Any CPU
		{4A4CA941-7CEF-2634-EFC1-BFF17CBF7A27}.Release|Any CPU.Build.0 = Release|Any CPU
		{803439B5-FC6A-4005-020D-A43CBDA03C11}.Debug|Any CPU.ActiveCfg = Debug|Any CPU
		{803439B5-FC6A-4005-020D-A43CBDA03C11}.Debug|Any CPU.Build.0 = Debug|Any CPU
		{803439B5-FC6A-4005-020D-A43CBDA03C11}.Release|Any CPU.ActiveCfg = Release|Any CPU
		{803439B5-FC6A-4005-020D-A43CBDA03C11}.Release|Any CPU.Build.0 = Release|Any CPU
	EndGlobalSection
	GlobalSection(SolutionProperties) = preSolution
		HideSolutionNode = FALSE
	EndGlobalSection
EndGlobal
